
Microsoft Visual Studio Solution File, Format Version 12.00
# Visual Studio Version 16
VisualStudioVersion = 16.0.32802.440
MinimumVisualStudioVersion = 10.0.40219.1
Project("{FAE04EC0-301F-11D3-BF4B-00C04F79EFBC}") = "SimpleGeometry", "SimpleGeometry\SimpleGeometry.csproj", "{0C2A2026-A064-4DFE-B37E-0D8A89FD734F}"
EndProject
Global
	GlobalSection(SolutionConfigurationPlatforms) = preSolution
		Debug|Any CPU = Debug|Any CPU
		Release|Any CPU = Release|Any CPU
	EndGlobalSection
	GlobalSection(ProjectConfigurationPlatforms) = postSolution
		{0C2A2026-A064-4DFE-B37E-0D8A89FD734F}.Debug|Any CPU.ActiveCfg = Debug|Any CPU
		{0C2A2026-A064-4DFE-B37E-0D8A89FD734F}.Debug|Any CPU.Build.0 = Debug|Any CPU
		{0C2A2026-A064-4DFE-B37E-0D8A89FD734F}.Release|Any CPU.ActiveCfg = Release|Any CPU
		{0C2A2026-A064-4DFE-B37E-0D8A89FD734F}.Release|Any CPU.Build.0 = Release|Any CPU
	EndGlobalSection
	GlobalSection(SolutionProperties) = preSolution
		HideSolutionNode = FALSE
	EndGlobalSection
	GlobalSection(ExtensibilityGlobals) = postSolution
		SolutionGuid = {80309EE6-99C7-422A-B915-308E8E1E11F7}
	EndGlobalSection
EndGlobal
